
Microsoft Visual Studio Solution File, Format Version 12.00
# Visual Studio Version 17
VisualStudioVersion = 17.11.35222.181
MinimumVisualStudioVersion = 10.0.40219.1
Project("{FAE04EC0-301F-11D3-BF4B-00C04F79EFBC}") = "Cars", "Cars\Cars.csproj", "{32EA3F66-42A0-4803-AA3A-EAA04466C4B8}"
EndProject
Global
	GlobalSection(SolutionConfigurationPlatforms) = preSolution
		Debug|Any CPU = Debug|Any CPU
		Release|Any CPU = Release|Any CPU
	EndGlobalSection
	GlobalSection(ProjectConfigurationPlatforms) = postSolution
		{32EA3F66-42A0-4803-AA3A-EAA04466C4B8}.Debug|Any CPU.ActiveCfg = Debug|Any CPU
		{32EA3F66-42A0-4803-AA3A-EAA04466C4B8}.Debug|Any CPU.Build.0 = Debug|Any CPU
		{32EA3F66-42A0-4803-AA3A-EAA04466C4B8}.Release|Any CPU.ActiveCfg = Release|Any CPU
		{32EA3F66-42A0-4803-AA3A-EAA04466C4B8}.Release|Any CPU.Build.0 = Release|Any CPU
	EndGlobalSection
	GlobalSection(SolutionProperties) = preSolution
		HideSolutionNode = FALSE
	EndGlobalSection
	GlobalSection(ExtensibilityGlobals) = postSolution
		SolutionGuid = {CBB89FC7-B198-4C50-8567-14F25C03C7CE}
	EndGlobalSection
EndGlobal
